// !$*UTF8*$!
{
	archiveVersion = 1;
	classes = {
	};
	objectVersion = 50;
	objects = {

/* Begin PBXBuildFile section */
		4807DAB621770C8800415680 /* Ex+Database.swift in Sources */ = {isa = PBXBuildFile; fileRef = 4807DAB521770C8800415680 /* Ex+Database.swift */; };
		4820F07621ED608000D65C2E /* CounterView.swift in Sources */ = {isa = PBXBuildFile; fileRef = 4820F07521ED608000D65C2E /* CounterView.swift */; };
		4820F07821ED60AF00D65C2E /* PushButton.swift in Sources */ = {isa = PBXBuildFile; fileRef = 4820F07721ED60AF00D65C2E /* PushButton.swift */; };
		4847B5182175BA82008C6F23 /* SwiftyJSON.framework in Frameworks */ = {isa = PBXBuildFile; fileRef = 4847B5162175BA82008C6F23 /* SwiftyJSON.framework */; };
		4847B5192175BA82008C6F23 /* Alamofire.framework in Frameworks */ = {isa = PBXBuildFile; fileRef = 4847B5172175BA82008C6F23 /* Alamofire.framework */; };
		4847B5242175BF57008C6F23 /* Ex+JSONParser.swift in Sources */ = {isa = PBXBuildFile; fileRef = 4847B5232175BF57008C6F23 /* Ex+JSONParser.swift */; };
		486F9132217F0965009834AE /* Ex+CGRect.swift in Sources */ = {isa = PBXBuildFile; fileRef = 486F9131217F0965009834AE /* Ex+CGRect.swift */; };
		488E2A8021E81B5C00E962E7 /* EdiyaCategoryView.swift in Sources */ = {isa = PBXBuildFile; fileRef = 488E2A7C21E81B5C00E962E7 /* EdiyaCategoryView.swift */; };
		488E2A8121E81B5C00E962E7 /* EdiyaCategoryView.xib in Resources */ = {isa = PBXBuildFile; fileRef = 488E2A7D21E81B5C00E962E7 /* EdiyaCategoryView.xib */; };
		488E2A8221E81B5C00E962E7 /* EdiyaCategoryCell.xib in Resources */ = {isa = PBXBuildFile; fileRef = 488E2A7E21E81B5C00E962E7 /* EdiyaCategoryCell.xib */; };
		488E2A8321E81B5C00E962E7 /* EdiyaCategoryCell.swift in Sources */ = {isa = PBXBuildFile; fileRef = 488E2A7F21E81B5C00E962E7 /* EdiyaCategoryCell.swift */; };
		48A9F31721F5AE1500DFE9B3 /* BezierAppleLogo.swift in Sources */ = {isa = PBXBuildFile; fileRef = 48A9F31621F5AE1500DFE9B3 /* BezierAppleLogo.swift */; };
		48DC9F3B217414560098DA38 /* ExFramework.h in Headers */ = {isa = PBXBuildFile; fileRef = 48DC9F39217414560098DA38 /* ExFramework.h */; settings = {ATTRIBUTES = (Public, ); }; };
		48DC9F45217415290098DA38 /* Ex+NetworkManager.swift in Sources */ = {isa = PBXBuildFile; fileRef = 48DC9F44217415290098DA38 /* Ex+NetworkManager.swift */; };
		48DC9F542174158B0098DA38 /* Ex+UILabel.swift in Sources */ = {isa = PBXBuildFile; fileRef = 48DC9F4B2174158B0098DA38 /* Ex+UILabel.swift */; };
		48DC9F552174158B0098DA38 /* Ex+UIWindow.swift in Sources */ = {isa = PBXBuildFile; fileRef = 48DC9F4C2174158B0098DA38 /* Ex+UIWindow.swift */; };
		48DC9F562174158B0098DA38 /* Ex+UIApplication.swift in Sources */ = {isa = PBXBuildFile; fileRef = 48DC9F4D2174158B0098DA38 /* Ex+UIApplication.swift */; };
		48DC9F572174158B0098DA38 /* Ex+String.swift in Sources */ = {isa = PBXBuildFile; fileRef = 48DC9F4E2174158B0098DA38 /* Ex+String.swift */; };
		48DC9F582174158B0098DA38 /* Ex+UIColor.swift in Sources */ = {isa = PBXBuildFile; fileRef = 48DC9F4F2174158B0098DA38 /* Ex+UIColor.swift */; };
		48DC9F592174158B0098DA38 /* Ex+UITextField.swift in Sources */ = {isa = PBXBuildFile; fileRef = 48DC9F502174158B0098DA38 /* Ex+UITextField.swift */; };
		48DC9F5A2174158B0098DA38 /* Ex+Bundle.swift in Sources */ = {isa = PBXBuildFile; fileRef = 48DC9F512174158B0098DA38 /* Ex+Bundle.swift */; };
		48DC9F5B2174158B0098DA38 /* Ex+Int.swift in Sources */ = {isa = PBXBuildFile; fileRef = 48DC9F522174158B0098DA38 /* Ex+Int.swift */; };
		48DC9F5C2174158B0098DA38 /* Ex+Date.swift in Sources */ = {isa = PBXBuildFile; fileRef = 48DC9F532174158B0098DA38 /* Ex+Date.swift */; };
		48DC9F5F217415D60098DA38 /* Ex+Util.swift in Sources */ = {isa = PBXBuildFile; fileRef = 48DC9F5E217415D60098DA38 /* Ex+Util.swift */; };
		48DC9F622174162E0098DA38 /* Ex+WeekDayType.swift in Sources */ = {isa = PBXBuildFile; fileRef = 48DC9F612174162E0098DA38 /* Ex+WeekDayType.swift */; };
		48DC9F65217424D40098DA38 /* Ex+PermissionManager.swift in Sources */ = {isa = PBXBuildFile; fileRef = 48DC9F64217424D40098DA38 /* Ex+PermissionManager.swift */; };
/* End PBXBuildFile section */

/* Begin PBXFileReference section */
		4807DAB521770C8800415680 /* Ex+Database.swift */ = {isa = PBXFileReference; lastKnownFileType = sourcecode.swift; path = "Ex+Database.swift"; sourceTree = "<group>"; };
		4820F07521ED608000D65C2E /* CounterView.swift */ = {isa = PBXFileReference; fileEncoding = 4; lastKnownFileType = sourcecode.swift; path = CounterView.swift; sourceTree = "<group>"; };
		4820F07721ED60AF00D65C2E /* PushButton.swift */ = {isa = PBXFileReference; fileEncoding = 4; lastKnownFileType = sourcecode.swift; path = PushButton.swift; sourceTree = "<group>"; };
		4847B5162175BA82008C6F23 /* SwiftyJSON.framework */ = {isa = PBXFileReference; lastKnownFileType = wrapper.framework; path = SwiftyJSON.framework; sourceTree = "<group>"; };
		4847B5172175BA82008C6F23 /* Alamofire.framework */ = {isa = PBXFileReference; lastKnownFileType = wrapper.framework; path = Alamofire.framework; sourceTree = "<group>"; };
		4847B5232175BF57008C6F23 /* Ex+JSONParser.swift */ = {isa = PBXFileReference; lastKnownFileType = sourcecode.swift; path = "Ex+JSONParser.swift"; sourceTree = "<group>"; };
		486F9131217F0965009834AE /* Ex+CGRect.swift */ = {isa = PBXFileReference; lastKnownFileType = sourcecode.swift; path = "Ex+CGRect.swift"; sourceTree = "<group>"; };
		488E2A7C21E81B5C00E962E7 /* EdiyaCategoryView.swift */ = {isa = PBXFileReference; fileEncoding = 4; lastKnownFileType = sourcecode.swift; path = EdiyaCategoryView.swift; sourceTree = "<group>"; };
		488E2A7D21E81B5C00E962E7 /* EdiyaCategoryView.xib */ = {isa = PBXFileReference; fileEncoding = 4; lastKnownFileType = file.xib; path = EdiyaCategoryView.xib; sourceTree = "<group>"; };
		488E2A7E21E81B5C00E962E7 /* EdiyaCategoryCell.xib */ = {isa = PBXFileReference; fileEncoding = 4; lastKnownFileType = file.xib; path = EdiyaCategoryCell.xib; sourceTree = "<group>"; };
		488E2A7F21E81B5C00E962E7 /* EdiyaCategoryCell.swift */ = {isa = PBXFileReference; fileEncoding = 4; lastKnownFileType = sourcecode.swift; path = EdiyaCategoryCell.swift; sourceTree = "<group>"; };
		48A9F31621F5AE1500DFE9B3 /* BezierAppleLogo.swift */ = {isa = PBXFileReference; lastKnownFileType = sourcecode.swift; path = BezierAppleLogo.swift; sourceTree = "<group>"; };
		48DC9F36217414560098DA38 /* ExFramework.framework */ = {isa = PBXFileReference; explicitFileType = wrapper.framework; includeInIndex = 0; path = ExFramework.framework; sourceTree = BUILT_PRODUCTS_DIR; };
		48DC9F39217414560098DA38 /* ExFramework.h */ = {isa = PBXFileReference; lastKnownFileType = sourcecode.c.h; path = ExFramework.h; sourceTree = "<group>"; };
		48DC9F3A217414560098DA38 /* Info.plist */ = {isa = PBXFileReference; lastKnownFileType = text.plist.xml; path = Info.plist; sourceTree = "<group>"; };
		48DC9F44217415290098DA38 /* Ex+NetworkManager.swift */ = {isa = PBXFileReference; lastKnownFileType = sourcecode.swift; path = "Ex+NetworkManager.swift"; sourceTree = "<group>"; };
		48DC9F4B2174158B0098DA38 /* Ex+UILabel.swift */ = {isa = PBXFileReference; fileEncoding = 4; lastKnownFileType = sourcecode.swift; path = "Ex+UILabel.swift"; sourceTree = "<group>"; };
		48DC9F4C2174158B0098DA38 /* Ex+UIWindow.swift */ = {isa = PBXFileReference; fileEncoding = 4; lastKnownFileType = sourcecode.swift; path = "Ex+UIWindow.swift"; sourceTree = "<group>"; };
		48DC9F4D2174158B0098DA38 /* Ex+UIApplication.swift */ = {isa = PBXFileReference; fileEncoding = 4; lastKnownFileType = sourcecode.swift; path = "Ex+UIApplication.swift"; sourceTree = "<group>"; };
		48DC9F4E2174158B0098DA38 /* Ex+String.swift */ = {isa = PBXFileReference; fileEncoding = 4; lastKnownFileType = sourcecode.swift; path = "Ex+String.swift"; sourceTree = "<group>"; };
		48DC9F4F2174158B0098DA38 /* Ex+UIColor.swift */ = {isa = PBXFileReference; fileEncoding = 4; lastKnownFileType = sourcecode.swift; path = "Ex+UIColor.swift"; sourceTree = "<group>"; };
		48DC9F502174158B0098DA38 /* Ex+UITextField.swift */ = {isa = PBXFileReference; fileEncoding = 4; lastKnownFileType = sourcecode.swift; path = "Ex+UITextField.swift"; sourceTree = "<group>"; };
		48DC9F512174158B0098DA38 /* Ex+Bundle.swift */ = {isa = PBXFileReference; fileEncoding = 4; lastKnownFileType = sourcecode.swift; path = "Ex+Bundle.swift"; sourceTree = "<group>"; };
		48DC9F522174158B0098DA38 /* Ex+Int.swift */ = {isa = PBXFileReference; fileEncoding = 4; lastKnownFileType = sourcecode.swift; path = "Ex+Int.swift"; sourceTree = "<group>"; };
		48DC9F532174158B0098DA38 /* Ex+Date.swift */ = {isa = PBXFileReference; fileEncoding = 4; lastKnownFileType = sourcecode.swift; path = "Ex+Date.swift"; sourceTree = "<group>"; };
		48DC9F5E217415D60098DA38 /* Ex+Util.swift */ = {isa = PBXFileReference; lastKnownFileType = sourcecode.swift; path = "Ex+Util.swift"; sourceTree = "<group>"; };
		48DC9F612174162E0098DA38 /* Ex+WeekDayType.swift */ = {isa = PBXFileReference; lastKnownFileType = sourcecode.swift; path = "Ex+WeekDayType.swift"; sourceTree = "<group>"; };
		48DC9F64217424D40098DA38 /* Ex+PermissionManager.swift */ = {isa = PBXFileReference; lastKnownFileType = sourcecode.swift; path = "Ex+PermissionManager.swift"; sourceTree = "<group>"; };
		48DC9F66217428C40098DA38 /* README.md */ = {isa = PBXFileReference; lastKnownFileType = net.daringfireball.markdown; path = README.md; sourceTree = "<group>"; };
/* End PBXFileReference section */

/* Begin PBXFrameworksBuildPhase section */
		48DC9F33217414560098DA38 /* Frameworks */ = {
			isa = PBXFrameworksBuildPhase;
			buildActionMask = 2147483647;
			files = (
				4847B5182175BA82008C6F23 /* SwiftyJSON.framework in Frameworks */,
				4847B5192175BA82008C6F23 /* Alamofire.framework in Frameworks */,
			);
			runOnlyForDeploymentPostprocessing = 0;
		};
/* End PBXFrameworksBuildPhase section */

/* Begin PBXGroup section */
		4807DAB421770C4D00415680 /* Database */ = {
			isa = PBXGroup;
			children = (
				4807DAB521770C8800415680 /* Ex+Database.swift */,
			);
			path = Database;
			sourceTree = "<group>";
		};
		4820F08421ED6ADA00D65C2E /* Sample */ = {
			isa = PBXGroup;
			children = (
				4820F07721ED60AF00D65C2E /* PushButton.swift */,
				4820F07521ED608000D65C2E /* CounterView.swift */,
				48A9F31621F5AE1500DFE9B3 /* BezierAppleLogo.swift */,
			);
			name = Sample;
			sourceTree = "<group>";
		};
		4847B5222175BF34008C6F23 /* Parser */ = {
			isa = PBXGroup;
			children = (
				4847B5232175BF57008C6F23 /* Ex+JSONParser.swift */,
			);
			path = Parser;
			sourceTree = "<group>";
		};
		488E2A7921E8181D00E962E7 /* Ediya */ = {
			isa = PBXGroup;
			children = (
				488E2A7B21E81B4000E962E7 /* CategoryView */,
			);
			path = Ediya;
			sourceTree = "<group>";
		};
		488E2A7B21E81B4000E962E7 /* CategoryView */ = {
			isa = PBXGroup;
			children = (
				488E2A7F21E81B5C00E962E7 /* EdiyaCategoryCell.swift */,
				488E2A7E21E81B5C00E962E7 /* EdiyaCategoryCell.xib */,
				488E2A7C21E81B5C00E962E7 /* EdiyaCategoryView.swift */,
				488E2A7D21E81B5C00E962E7 /* EdiyaCategoryView.xib */,
			);
			path = CategoryView;
			sourceTree = "<group>";
		};
		48DC9F2C217414560098DA38 = {
			isa = PBXGroup;
			children = (
				48DC9F66217428C40098DA38 /* README.md */,
				48DC9F38217414560098DA38 /* ExFramework */,
				48DC9F37217414560098DA38 /* Products */,
			);
			sourceTree = "<group>";
		};
		48DC9F37217414560098DA38 /* Products */ = {
			isa = PBXGroup;
			children = (
				48DC9F36217414560098DA38 /* ExFramework.framework */,
			);
			name = Products;
			sourceTree = "<group>";
		};
		48DC9F38217414560098DA38 /* ExFramework */ = {
			isa = PBXGroup;
			children = (
				4820F08421ED6ADA00D65C2E /* Sample */,
				48DC9F41217414720098DA38 /* External-Lib */,
				488E2A7921E8181D00E962E7 /* Ediya */,
				48DC9F5D217415BB0098DA38 /* Global */,
				48DC9F60217416030098DA38 /* Enums */,
				48DC9F4A217415710098DA38 /* Extension */,
				4807DAB421770C4D00415680 /* Database */,
				4847B5222175BF34008C6F23 /* Parser */,
				48DC9F632174249B0098DA38 /* Permission */,
				48DC9F422174148E0098DA38 /* Network */,
				48DC9F39217414560098DA38 /* ExFramework.h */,
				48DC9F3A217414560098DA38 /* Info.plist */,
			);
			path = ExFramework;
			sourceTree = "<group>";
		};
		48DC9F41217414720098DA38 /* External-Lib */ = {
			isa = PBXGroup;
			children = (
				4847B5172175BA82008C6F23 /* Alamofire.framework */,
				4847B5162175BA82008C6F23 /* SwiftyJSON.framework */,
			);
			path = "External-Lib";
			sourceTree = "<group>";
		};
		48DC9F422174148E0098DA38 /* Network */ = {
			isa = PBXGroup;
			children = (
				48DC9F44217415290098DA38 /* Ex+NetworkManager.swift */,
			);
			path = Network;
			sourceTree = "<group>";
		};
		48DC9F4A217415710098DA38 /* Extension */ = {
			isa = PBXGroup;
			children = (
				48DC9F512174158B0098DA38 /* Ex+Bundle.swift */,
				48DC9F532174158B0098DA38 /* Ex+Date.swift */,
				48DC9F522174158B0098DA38 /* Ex+Int.swift */,
				48DC9F4E2174158B0098DA38 /* Ex+String.swift */,
				48DC9F4D2174158B0098DA38 /* Ex+UIApplication.swift */,
				48DC9F4F2174158B0098DA38 /* Ex+UIColor.swift */,
				48DC9F4B2174158B0098DA38 /* Ex+UILabel.swift */,
				48DC9F502174158B0098DA38 /* Ex+UITextField.swift */,
				48DC9F4C2174158B0098DA38 /* Ex+UIWindow.swift */,
				486F9131217F0965009834AE /* Ex+CGRect.swift */,
			);
			path = Extension;
			sourceTree = "<group>";
		};
		48DC9F5D217415BB0098DA38 /* Global */ = {
			isa = PBXGroup;
			children = (
				48DC9F5E217415D60098DA38 /* Ex+Util.swift */,
			);
			path = Global;
			sourceTree = "<group>";
		};
		48DC9F60217416030098DA38 /* Enums */ = {
			isa = PBXGroup;
			children = (
				48DC9F612174162E0098DA38 /* Ex+WeekDayType.swift */,
			);
			path = Enums;
			sourceTree = "<group>";
		};
		48DC9F632174249B0098DA38 /* Permission */ = {
			isa = PBXGroup;
			children = (
				48DC9F64217424D40098DA38 /* Ex+PermissionManager.swift */,
			);
			path = Permission;
			sourceTree = "<group>";
		};
/* End PBXGroup section */

/* Begin PBXHeadersBuildPhase section */
		48DC9F31217414560098DA38 /* Headers */ = {
			isa = PBXHeadersBuildPhase;
			buildActionMask = 2147483647;
			files = (
				48DC9F3B217414560098DA38 /* ExFramework.h in Headers */,
			);
			runOnlyForDeploymentPostprocessing = 0;
		};
/* End PBXHeadersBuildPhase section */

/* Begin PBXNativeTarget section */
		48DC9F35217414560098DA38 /* ExFramework */ = {
			isa = PBXNativeTarget;
			buildConfigurationList = 48DC9F3E217414560098DA38 /* Build configuration list for PBXNativeTarget "ExFramework" */;
			buildPhases = (
				48DC9F31217414560098DA38 /* Headers */,
				48DC9F32217414560098DA38 /* Sources */,
				48DC9F33217414560098DA38 /* Frameworks */,
				48DC9F34217414560098DA38 /* Resources */,
			);
			buildRules = (
			);
			dependencies = (
			);
			name = ExFramework;
			productName = ExFramework;
			productReference = 48DC9F36217414560098DA38 /* ExFramework.framework */;
			productType = "com.apple.product-type.framework";
		};
/* End PBXNativeTarget section */

/* Begin PBXProject section */
		48DC9F2D217414560098DA38 /* Project object */ = {
			isa = PBXProject;
			attributes = {
				LastUpgradeCheck = 1000;
				ORGANIZATIONNAME = Hoon;
				TargetAttributes = {
					48DC9F35217414560098DA38 = {
						CreatedOnToolsVersion = 10.0;
						LastSwiftMigration = 1000;
					};
				};
			};
			buildConfigurationList = 48DC9F30217414560098DA38 /* Build configuration list for PBXProject "ExFramework" */;
			compatibilityVersion = "Xcode 9.3";
			developmentRegion = en;
			hasScannedForEncodings = 0;
			knownRegions = (
				en,
			);
			mainGroup = 48DC9F2C217414560098DA38;
			productRefGroup = 48DC9F37217414560098DA38 /* Products */;
			projectDirPath = "";
			projectRoot = "";
			targets = (
				48DC9F35217414560098DA38 /* ExFramework */,
			);
		};
/* End PBXProject section */

/* Begin PBXResourcesBuildPhase section */
		48DC9F34217414560098DA38 /* Resources */ = {
			isa = PBXResourcesBuildPhase;
			buildActionMask = 2147483647;
			files = (
				488E2A8221E81B5C00E962E7 /* EdiyaCategoryCell.xib in Resources */,
				488E2A8121E81B5C00E962E7 /* EdiyaCategoryView.xib in Resources */,
			);
			runOnlyForDeploymentPostprocessing = 0;
		};
/* End PBXResourcesBuildPhase section */

/* Begin PBXSourcesBuildPhase section */
		48DC9F32217414560098DA38 /* Sources */ = {
			isa = PBXSourcesBuildPhase;
			buildActionMask = 2147483647;
			files = (
				48DC9F5B2174158B0098DA38 /* Ex+Int.swift in Sources */,
				48DC9F45217415290098DA38 /* Ex+NetworkManager.swift in Sources */,
				48DC9F5F217415D60098DA38 /* Ex+Util.swift in Sources */,
				48DC9F5C2174158B0098DA38 /* Ex+Date.swift in Sources */,
				48DC9F542174158B0098DA38 /* Ex+UILabel.swift in Sources */,
				48DC9F582174158B0098DA38 /* Ex+UIColor.swift in Sources */,
				48DC9F552174158B0098DA38 /* Ex+UIWindow.swift in Sources */,
				48DC9F622174162E0098DA38 /* Ex+WeekDayType.swift in Sources */,
				4820F07621ED608000D65C2E /* CounterView.swift in Sources */,
				4807DAB621770C8800415680 /* Ex+Database.swift in Sources */,
				48DC9F5A2174158B0098DA38 /* Ex+Bundle.swift in Sources */,
				4820F07821ED60AF00D65C2E /* PushButton.swift in Sources */,
				4847B5242175BF57008C6F23 /* Ex+JSONParser.swift in Sources */,
				486F9132217F0965009834AE /* Ex+CGRect.swift in Sources */,
				48DC9F572174158B0098DA38 /* Ex+String.swift in Sources */,
				48DC9F562174158B0098DA38 /* Ex+UIApplication.swift in Sources */,
				48DC9F592174158B0098DA38 /* Ex+UITextField.swift in Sources */,
				488E2A8021E81B5C00E962E7 /* EdiyaCategoryView.swift in Sources */,
				48A9F31721F5AE1500DFE9B3 /* BezierAppleLogo.swift in Sources */,
				488E2A8321E81B5C00E962E7 /* EdiyaCategoryCell.swift in Sources */,
				48DC9F65217424D40098DA38 /* Ex+PermissionManager.swift in Sources */,
			);
			runOnlyForDeploymentPostprocessing = 0;
		};
/* End PBXSourcesBuildPhase section */

/* Begin XCBuildConfiguration section */
		48DC9F3C217414560098DA38 /* Debug */ = {
			isa = XCBuildConfiguration;
			buildSettings = {
				ALWAYS_SEARCH_USER_PATHS = NO;
				CLANG_ANALYZER_NONNULL = YES;
				CLANG_ANALYZER_NUMBER_OBJECT_CONVERSION = YES_AGGRESSIVE;
				CLANG_CXX_LANGUAGE_STANDARD = "gnu++14";
				CLANG_CXX_LIBRARY = "libc++";
				CLANG_ENABLE_MODULES = YES;
				CLANG_ENABLE_OBJC_ARC = YES;
				CLANG_ENABLE_OBJC_WEAK = YES;
				CLANG_WARN_BLOCK_CAPTURE_AUTORELEASING = YES;
				CLANG_WARN_BOOL_CONVERSION = YES;
				CLANG_WARN_COMMA = YES;
				CLANG_WARN_CONSTANT_CONVERSION = YES;
				CLANG_WARN_DEPRECATED_OBJC_IMPLEMENTATIONS = YES;
				CLANG_WARN_DIRECT_OBJC_ISA_USAGE = YES_ERROR;
				CLANG_WARN_DOCUMENTATION_COMMENTS = YES;
				CLANG_WARN_EMPTY_BODY = YES;
				CLANG_WARN_ENUM_CONVERSION = YES;
				CLANG_WARN_INFINITE_RECURSION = YES;
				CLANG_WARN_INT_CONVERSION = YES;
				CLANG_WARN_NON_LITERAL_NULL_CONVERSION = YES;
				CLANG_WARN_OBJC_IMPLICIT_RETAIN_SELF = YES;
				CLANG_WARN_OBJC_LITERAL_CONVERSION = YES;
				CLANG_WARN_OBJC_ROOT_CLASS = YES_ERROR;
				CLANG_WARN_RANGE_LOOP_ANALYSIS = YES;
				CLANG_WARN_STRICT_PROTOTYPES = YES;
				CLANG_WARN_SUSPICIOUS_MOVE = YES;
				CLANG_WARN_UNGUARDED_AVAILABILITY = YES_AGGRESSIVE;
				CLANG_WARN_UNREACHABLE_CODE = YES;
				CLANG_WARN__DUPLICATE_METHOD_MATCH = YES;
				CODE_SIGN_IDENTITY = "iPhone Developer";
				COPY_PHASE_STRIP = NO;
				CURRENT_PROJECT_VERSION = 1;
				DEBUG_INFORMATION_FORMAT = dwarf;
				ENABLE_STRICT_OBJC_MSGSEND = YES;
				ENABLE_TESTABILITY = YES;
				GCC_C_LANGUAGE_STANDARD = gnu11;
				GCC_DYNAMIC_NO_PIC = NO;
				GCC_NO_COMMON_BLOCKS = YES;
				GCC_OPTIMIZATION_LEVEL = 0;
				GCC_PREPROCESSOR_DEFINITIONS = (
					"DEBUG=1",
					"$(inherited)",
				);
				GCC_WARN_64_TO_32_BIT_CONVERSION = YES;
				GCC_WARN_ABOUT_RETURN_TYPE = YES_ERROR;
				GCC_WARN_UNDECLARED_SELECTOR = YES;
				GCC_WARN_UNINITIALIZED_AUTOS = YES_AGGRESSIVE;
				GCC_WARN_UNUSED_FUNCTION = YES;
				GCC_WARN_UNUSED_VARIABLE = YES;
				IPHONEOS_DEPLOYMENT_TARGET = 12.0;
				MTL_ENABLE_DEBUG_INFO = INCLUDE_SOURCE;
				MTL_FAST_MATH = YES;
				ONLY_ACTIVE_ARCH = YES;
				SDKROOT = iphoneos;
				SWIFT_ACTIVE_COMPILATION_CONDITIONS = DEBUG;
				SWIFT_OPTIMIZATION_LEVEL = "-Onone";
				VERSIONING_SYSTEM = "apple-generic";
				VERSION_INFO_PREFIX = "";
			};
			name = Debug;
		};
		48DC9F3D217414560098DA38 /* Release */ = {
			isa = XCBuildConfiguration;
			buildSettings = {
				ALWAYS_SEARCH_USER_PATHS = NO;
				CLANG_ANALYZER_NONNULL = YES;
				CLANG_ANALYZER_NUMBER_OBJECT_CONVERSION = YES_AGGRESSIVE;
				CLANG_CXX_LANGUAGE_STANDARD = "gnu++14";
				CLANG_CXX_LIBRARY = "libc++";
				CLANG_ENABLE_MODULES = YES;
				CLANG_ENABLE_OBJC_ARC = YES;
				CLANG_ENABLE_OBJC_WEAK = YES;
				CLANG_WARN_BLOCK_CAPTURE_AUTORELEASING = YES;
				CLANG_WARN_BOOL_CONVERSION = YES;
				CLANG_WARN_COMMA = YES;
				CLANG_WARN_CONSTANT_CONVERSION = YES;
				CLANG_WARN_DEPRECATED_OBJC_IMPLEMENTATIONS = YES;
				CLANG_WARN_DIRECT_OBJC_ISA_USAGE = YES_ERROR;
				CLANG_WARN_DOCUMENTATION_COMMENTS = YES;
				CLANG_WARN_EMPTY_BODY = YES;
				CLANG_WARN_ENUM_CONVERSION = YES;
				CLANG_WARN_INFINITE_RECURSION = YES;
				CLANG_WARN_INT_CONVERSION = YES;
				CLANG_WARN_NON_LITERAL_NULL_CONVERSION = YES;
				CLANG_WARN_OBJC_IMPLICIT_RETAIN_SELF = YES;
				CLANG_WARN_OBJC_LITERAL_CONVERSION = YES;
				CLANG_WARN_OBJC_ROOT_CLASS = YES_ERROR;
				CLANG_WARN_RANGE_LOOP_ANALYSIS = YES;
				CLANG_WARN_STRICT_PROTOTYPES = YES;
				CLANG_WARN_SUSPICIOUS_MOVE = YES;
				CLANG_WARN_UNGUARDED_AVAILABILITY = YES_AGGRESSIVE;
				CLANG_WARN_UNREACHABLE_CODE = YES;
				CLANG_WARN__DUPLICATE_METHOD_MATCH = YES;
				CODE_SIGN_IDENTITY = "iPhone Developer";
				COPY_PHASE_STRIP = NO;
				CURRENT_PROJECT_VERSION = 1;
				DEBUG_INFORMATION_FORMAT = "dwarf-with-dsym";
				ENABLE_NS_ASSERTIONS = NO;
				ENABLE_STRICT_OBJC_MSGSEND = YES;
				GCC_C_LANGUAGE_STANDARD = gnu11;
				GCC_NO_COMMON_BLOCKS = YES;
				GCC_WARN_64_TO_32_BIT_CONVERSION = YES;
				GCC_WARN_ABOUT_RETURN_TYPE = YES_ERROR;
				GCC_WARN_UNDECLARED_SELECTOR = YES;
				GCC_WARN_UNINITIALIZED_AUTOS = YES_AGGRESSIVE;
				GCC_WARN_UNUSED_FUNCTION = YES;
				GCC_WARN_UNUSED_VARIABLE = YES;
				IPHONEOS_DEPLOYMENT_TARGET = 12.0;
				MTL_ENABLE_DEBUG_INFO = NO;
				MTL_FAST_MATH = YES;
				SDKROOT = iphoneos;
				SWIFT_COMPILATION_MODE = wholemodule;
				SWIFT_OPTIMIZATION_LEVEL = "-O";
				VALIDATE_PRODUCT = YES;
				VERSIONING_SYSTEM = "apple-generic";
				VERSION_INFO_PREFIX = "";
			};
			name = Release;
		};
		48DC9F3F217414560098DA38 /* Debug */ = {
			isa = XCBuildConfiguration;
			buildSettings = {
				ALWAYS_EMBED_SWIFT_STANDARD_LIBRARIES = NO;
				APPLICATION_EXTENSION_API_ONLY = NO;
				CLANG_ENABLE_MODULES = YES;
				CODE_SIGN_IDENTITY = "";
				CODE_SIGN_STYLE = Automatic;
				DEFINES_MODULE = YES;
				DEVELOPMENT_TEAM = 63GP38H37F;
				DYLIB_COMPATIBILITY_VERSION = 1;
				DYLIB_CURRENT_VERSION = 1;
				DYLIB_INSTALL_NAME_BASE = "@rpath";
				FRAMEWORK_SEARCH_PATHS = (
					"$(inherited)",
					"$(PROJECT_DIR)/ExFramework/External-Lib",
				);
				INFOPLIST_FILE = ExFramework/Info.plist;
				INSTALL_PATH = "$(LOCAL_LIBRARY_DIR)/Frameworks";
				IPHONEOS_DEPLOYMENT_TARGET = 8.0;
				LD_RUNPATH_SEARCH_PATHS = (
					"$(inherited)",
					"@executable_path/Frameworks",
					"@loader_path/Frameworks",
				);
				PRODUCT_BUNDLE_IDENTIFIER = com.clover.ExFramework;
				PRODUCT_NAME = "$(TARGET_NAME:c99extidentifier)";
				SKIP_INSTALL = YES;
				SWIFT_OPTIMIZATION_LEVEL = "-Onone";
				SWIFT_VERSION = 4.2;
				TARGETED_DEVICE_FAMILY = "1,2";
			};
			name = Debug;
		};
		48DC9F40217414560098DA38 /* Release */ = {
			isa = XCBuildConfiguration;
			buildSettings = {
				ALWAYS_EMBED_SWIFT_STANDARD_LIBRARIES = NO;
				APPLICATION_EXTENSION_API_ONLY = NO;
				CLANG_ENABLE_MODULES = YES;
				CODE_SIGN_IDENTITY = "";
				CODE_SIGN_STYLE = Automatic;
				DEFINES_MODULE = YES;
				DEVELOPMENT_TEAM = 63GP38H37F;
				DYLIB_COMPATIBILITY_VERSION = 1;
				DYLIB_CURRENT_VERSION = 1;
				DYLIB_INSTALL_NAME_BASE = "@rpath";
				FRAMEWORK_SEARCH_PATHS = (
					"$(inherited)",
					"$(PROJECT_DIR)/ExFramework/External-Lib",
				);
				INFOPLIST_FILE = ExFramework/Info.plist;
				INSTALL_PATH = "$(LOCAL_LIBRARY_DIR)/Frameworks";
				IPHONEOS_DEPLOYMENT_TARGET = 8.0;
				LD_RUNPATH_SEARCH_PATHS = (
					"$(inherited)",
					"@executable_path/Frameworks",
					"@loader_path/Frameworks",
				);
				PRODUCT_BUNDLE_IDENTIFIER = com.clover.ExFramework;
				PRODUCT_NAME = "$(TARGET_NAME:c99extidentifier)";
				SKIP_INSTALL = YES;
				SWIFT_VERSION = 4.2;
				TARGETED_DEVICE_FAMILY = "1,2";
			};
			name = Release;
		};
/* End XCBuildConfiguration section */

/* Begin XCConfigurationList section */
		48DC9F30217414560098DA38 /* Build configuration list for PBXProject "ExFramework" */ = {
			isa = XCConfigurationList;
			buildConfigurations = (
				48DC9F3C217414560098DA38 /* Debug */,
				48DC9F3D217414560098DA38 /* Release */,
			);
			defaultConfigurationIsVisible = 0;
			defaultConfigurationName = Release;
		};
		48DC9F3E217414560098DA38 /* Build configuration list for PBXNativeTarget "ExFramework" */ = {
			isa = XCConfigurationList;
			buildConfigurations = (
				48DC9F3F217414560098DA38 /* Debug */,
				48DC9F40217414560098DA38 /* Release */,
			);
			defaultConfigurationIsVisible = 0;
			defaultConfigurationName = Release;
		};
/* End XCConfigurationList section */
	};
	rootObject = 48DC9F2D217414560098DA38 /* Project object */;
}
